
Microsoft Visual Studio Solution File, Format Version 12.00
# Visual Studio Version 16
VisualStudioVersion = 16.0.30523.141
MinimumVisualStudioVersion = 10.0.40219.1
Project("{FAE04EC0-301F-11D3-BF4B-00C04F79EFBC}") = "RestaurantManagement", "RestaurantManagement.csproj", "{1A685DCA-3CC4-43B1-8333-452A43061F72}"
EndProject
Global
	GlobalSection(SolutionConfigurationPlatforms) = preSolution
		Debug|Any CPU = Debug|Any CPU
		Release|Any CPU = Release|Any CPU
	EndGlobalSection
	GlobalSection(ProjectConfigurationPlatforms) = postSolution
		{1A685DCA-3CC4-43B1-8333-452A43061F72}.Debug|Any CPU.ActiveCfg = Debug|Any CPU
		{1A685DCA-3CC4-43B1-8333-452A43061F72}.Debug|Any CPU.Build.0 = Debug|Any CPU
		{1A685DCA-3CC4-43B1-8333-452A43061F72}.Release|Any CPU.ActiveCfg = Release|Any CPU
		{1A685DCA-3CC4-43B1-8333-452A43061F72}.Release|Any CPU.Build.0 = Release|Any CPU
	EndGlobalSection
	GlobalSection(SolutionProperties) = preSolution
		HideSolutionNode = FALSE
	EndGlobalSection
	GlobalSection(ExtensibilityGlobals) = postSolution
		SolutionGuid = {D1154940-F974-4383-BA07-3D7BCAF15F4D}
	EndGlobalSection
EndGlobal
